
Microsoft Visual Studio Solution File, Format Version 12.00
# Visual Studio Version 17
VisualStudioVersion = 17.7.34202.233
MinimumVisualStudioVersion = 10.0.40219.1
Project("{FAE04EC0-301F-11D3-BF4B-00C04F79EFBC}") = "Backend", "Backend\Backend.csproj", "{02E8A76D-3D30-4171-9B5B-47A3F06D33CA}"
EndProject
Global
	GlobalSection(SolutionConfigurationPlatforms) = preSolution
		Debug|Any CPU = Debug|Any CPU
		Release|Any CPU = Release|Any CPU
	EndGlobalSection
	GlobalSection(ProjectConfigurationPlatforms) = postSolution
		{02E8A76D-3D30-4171-9B5B-47A3F06D33CA}.Debug|Any CPU.ActiveCfg = Debug|Any CPU
		{02E8A76D-3D30-4171-9B5B-47A3F06D33CA}.Debug|Any CPU.Build.0 = Debug|Any CPU
		{02E8A76D-3D30-4171-9B5B-47A3F06D33CA}.Release|Any CPU.ActiveCfg = Release|Any CPU
		{02E8A76D-3D30-4171-9B5B-47A3F06D33CA}.Release|Any CPU.Build.0 = Release|Any CPU
	EndGlobalSection
	GlobalSection(SolutionProperties) = preSolution
		HideSolutionNode = FALSE
	EndGlobalSection
	GlobalSection(ExtensibilityGlobals) = postSolution
		SolutionGuid = {D2746D02-90E8-4004-A7DF-4D9FAD084C33}
	EndGlobalSection
EndGlobal
